// !$*UTF8*$!
{
	archiveVersion = 1;
	classes = {
	};
	objectVersion = 46;
	objects = {

/* Begin PBXBuildFile section */
		4245DA851D7B3C5B00922339 /* AppDelegate.swift in Sources */ = {isa = PBXBuildFile; fileRef = 4245DA841D7B3C5B00922339 /* AppDelegate.swift */; };
		4245DA871D7B3C5B00922339 /* MainViewController.swift in Sources */ = {isa = PBXBuildFile; fileRef = 4245DA861D7B3C5B00922339 /* MainViewController.swift */; };
		4245DA8C1D7B3C5B00922339 /* Assets.xcassets in Resources */ = {isa = PBXBuildFile; fileRef = 4245DA8B1D7B3C5B00922339 /* Assets.xcassets */; };
		4245DA8F1D7B3C5B00922339 /* LaunchScreen.storyboard in Resources */ = {isa = PBXBuildFile; fileRef = 4245DA8D1D7B3C5B00922339 /* LaunchScreen.storyboard */; };
		4245DA9A1D7B3C5B00922339 /* ZapperTests.swift in Sources */ = {isa = PBXBuildFile; fileRef = 4245DA991D7B3C5B00922339 /* ZapperTests.swift */; };
		4245DAA81D7B519700922339 /* Model.swift in Sources */ = {isa = PBXBuildFile; fileRef = 4245DAA71D7B519700922339 /* Model.swift */; };
		4245DAAB1D7B6ECB00922339 /* ConnectionManager.swift in Sources */ = {isa = PBXBuildFile; fileRef = 4245DAAA1D7B6ECB00922339 /* ConnectionManager.swift */; };
		42E3B9A51D7BDC540029025E /* Utility.swift in Sources */ = {isa = PBXBuildFile; fileRef = 42E3B9A41D7BDC540029025E /* Utility.swift */; };
		42E3B9A81D7C7A700029025E /* MainCollectionCell.swift in Sources */ = {isa = PBXBuildFile; fileRef = 42E3B9A61D7C7A700029025E /* MainCollectionCell.swift */; };
		42E3B9A91D7C7A700029025E /* MainCollectionCell.xib in Resources */ = {isa = PBXBuildFile; fileRef = 42E3B9A71D7C7A700029025E /* MainCollectionCell.xib */; };
		42E3B9AC1D7CC6560029025E /* PhotoViewController.swift in Sources */ = {isa = PBXBuildFile; fileRef = 42E3B9AB1D7CC6560029025E /* PhotoViewController.swift */; };
		42E3B9AE1D7D01670029025E /* PresentingAnimator.swift in Sources */ = {isa = PBXBuildFile; fileRef = 42E3B9AD1D7D01670029025E /* PresentingAnimator.swift */; };
		42E3B9B01D7E81750029025E /* Reachability.swift in Sources */ = {isa = PBXBuildFile; fileRef = 42E3B9AF1D7E81750029025E /* Reachability.swift */; };
/* End PBXBuildFile section */

/* Begin PBXContainerItemProxy section */
		4245DA961D7B3C5B00922339 /* PBXContainerItemProxy */ = {
			isa = PBXContainerItemProxy;
			containerPortal = 4245DA791D7B3C5B00922339 /* Project object */;
			proxyType = 1;
			remoteGlobalIDString = 4245DA801D7B3C5B00922339;
			remoteInfo = Zapper;
		};
/* End PBXContainerItemProxy section */

/* Begin PBXFileReference section */
		4245DA811D7B3C5B00922339 /* Zapper.app */ = {isa = PBXFileReference; explicitFileType = wrapper.application; includeInIndex = 0; path = Zapper.app; sourceTree = BUILT_PRODUCTS_DIR; };
		4245DA841D7B3C5B00922339 /* AppDelegate.swift */ = {isa = PBXFileReference; lastKnownFileType = sourcecode.swift; path = AppDelegate.swift; sourceTree = "<group>"; };
		4245DA861D7B3C5B00922339 /* MainViewController.swift */ = {isa = PBXFileReference; lastKnownFileType = sourcecode.swift; path = MainViewController.swift; sourceTree = "<group>"; };
		4245DA8B1D7B3C5B00922339 /* Assets.xcassets */ = {isa = PBXFileReference; lastKnownFileType = folder.assetcatalog; path = Assets.xcassets; sourceTree = "<group>"; };
		4245DA8E1D7B3C5B00922339 /* Base */ = {isa = PBXFileReference; lastKnownFileType = file.storyboard; name = Base; path = Base.lproj/LaunchScreen.storyboard; sourceTree = "<group>"; };
		4245DA901D7B3C5B00922339 /* Info.plist */ = {isa = PBXFileReference; lastKnownFileType = text.plist.xml; path = Info.plist; sourceTree = "<group>"; };
		4245DA951D7B3C5B00922339 /* ZapperTests.xctest */ = {isa = PBXFileReference; explicitFileType = wrapper.cfbundle; includeInIndex = 0; path = ZapperTests.xctest; sourceTree = BUILT_PRODUCTS_DIR; };
		4245DA991D7B3C5B00922339 /* ZapperTests.swift */ = {isa = PBXFileReference; lastKnownFileType = sourcecode.swift; path = ZapperTests.swift; sourceTree = "<group>"; };
		4245DA9B1D7B3C5B00922339 /* Info.plist */ = {isa = PBXFileReference; lastKnownFileType = text.plist.xml; path = Info.plist; sourceTree = "<group>"; };
		4245DAA71D7B519700922339 /* Model.swift */ = {isa = PBXFileReference; fileEncoding = 4; lastKnownFileType = sourcecode.swift; path = Model.swift; sourceTree = "<group>"; };
		4245DAAA1D7B6ECB00922339 /* ConnectionManager.swift */ = {isa = PBXFileReference; fileEncoding = 4; lastKnownFileType = sourcecode.swift; path = ConnectionManager.swift; sourceTree = "<group>"; };
		42E3B9A41D7BDC540029025E /* Utility.swift */ = {isa = PBXFileReference; fileEncoding = 4; lastKnownFileType = sourcecode.swift; path = Utility.swift; sourceTree = "<group>"; };
		42E3B9A61D7C7A700029025E /* MainCollectionCell.swift */ = {isa = PBXFileReference; fileEncoding = 4; lastKnownFileType = sourcecode.swift; path = MainCollectionCell.swift; sourceTree = "<group>"; };
		42E3B9A71D7C7A700029025E /* MainCollectionCell.xib */ = {isa = PBXFileReference; fileEncoding = 4; lastKnownFileType = file.xib; path = MainCollectionCell.xib; sourceTree = "<group>"; };
		42E3B9AB1D7CC6560029025E /* PhotoViewController.swift */ = {isa = PBXFileReference; fileEncoding = 4; lastKnownFileType = sourcecode.swift; path = PhotoViewController.swift; sourceTree = "<group>"; };
		42E3B9AD1D7D01670029025E /* PresentingAnimator.swift */ = {isa = PBXFileReference; fileEncoding = 4; lastKnownFileType = sourcecode.swift; path = PresentingAnimator.swift; sourceTree = "<group>"; };
		42E3B9AF1D7E81750029025E /* Reachability.swift */ = {isa = PBXFileReference; fileEncoding = 4; lastKnownFileType = sourcecode.swift; path = Reachability.swift; sourceTree = "<group>"; };
/* End PBXFileReference section */

/* Begin PBXFrameworksBuildPhase section */
		4245DA7E1D7B3C5B00922339 /* Frameworks */ = {
			isa = PBXFrameworksBuildPhase;
			buildActionMask = 2147483647;
			files = (
			);
			runOnlyForDeploymentPostprocessing = 0;
		};
		4245DA921D7B3C5B00922339 /* Frameworks */ = {
			isa = PBXFrameworksBuildPhase;
			buildActionMask = 2147483647;
			files = (
			);
			runOnlyForDeploymentPostprocessing = 0;
		};
/* End PBXFrameworksBuildPhase section */

/* Begin PBXGroup section */
		4245DA781D7B3C5B00922339 = {
			isa = PBXGroup;
			children = (
				4245DA831D7B3C5B00922339 /* Zapper */,
				4245DA981D7B3C5B00922339 /* ZapperTests */,
				4245DA821D7B3C5B00922339 /* Products */,
			);
			sourceTree = "<group>";
		};
		4245DA821D7B3C5B00922339 /* Products */ = {
			isa = PBXGroup;
			children = (
				4245DA811D7B3C5B00922339 /* Zapper.app */,
				4245DA951D7B3C5B00922339 /* ZapperTests.xctest */,
			);
			name = Products;
			sourceTree = "<group>";
		};
		4245DA831D7B3C5B00922339 /* Zapper */ = {
			isa = PBXGroup;
			children = (
				42E3B9AA1D7C7A8D0029025E /* Views */,
				4245DAAC1D7BA67F00922339 /* Utility */,
				4245DAA91D7B519D00922339 /* Model */,
				4245DAA61D7B3CC100922339 /* Supporting Files */,
				4245DAA41D7B3C9700922339 /* Controllers */,
				4245DAA51D7B3CA000922339 /* Storyboard and Xibs */,
			);
			path = Zapper;
			sourceTree = "<group>";
		};
		4245DA981D7B3C5B00922339 /* ZapperTests */ = {
			isa = PBXGroup;
			children = (
				4245DA991D7B3C5B00922339 /* ZapperTests.swift */,
				4245DA9B1D7B3C5B00922339 /* Info.plist */,
			);
			path = ZapperTests;
			sourceTree = "<group>";
		};
		4245DAA41D7B3C9700922339 /* Controllers */ = {
			isa = PBXGroup;
			children = (
				42E3B9AB1D7CC6560029025E /* PhotoViewController.swift */,
				4245DA861D7B3C5B00922339 /* MainViewController.swift */,
			);
			name = Controllers;
			sourceTree = "<group>";
		};
		4245DAA51D7B3CA000922339 /* Storyboard and Xibs */ = {
			isa = PBXGroup;
			children = (
				42E3B9A71D7C7A700029025E /* MainCollectionCell.xib */,
				4245DA8D1D7B3C5B00922339 /* LaunchScreen.storyboard */,
			);
			name = "Storyboard and Xibs";
			sourceTree = "<group>";
		};
		4245DAA61D7B3CC100922339 /* Supporting Files */ = {
			isa = PBXGroup;
			children = (
				4245DA841D7B3C5B00922339 /* AppDelegate.swift */,
				4245DA8B1D7B3C5B00922339 /* Assets.xcassets */,
				4245DA901D7B3C5B00922339 /* Info.plist */,
			);
			name = "Supporting Files";
			sourceTree = "<group>";
		};
		4245DAA91D7B519D00922339 /* Model */ = {
			isa = PBXGroup;
			children = (
				4245DAA71D7B519700922339 /* Model.swift */,
				42E3B9AD1D7D01670029025E /* PresentingAnimator.swift */,
			);
			name = Model;
			sourceTree = "<group>";
		};
		4245DAAC1D7BA67F00922339 /* Utility */ = {
			isa = PBXGroup;
			children = (
				4245DAAA1D7B6ECB00922339 /* ConnectionManager.swift */,
				42E3B9A41D7BDC540029025E /* Utility.swift */,
				42E3B9AF1D7E81750029025E /* Reachability.swift */,
			);
			name = Utility;
			sourceTree = "<group>";
		};
		42E3B9AA1D7C7A8D0029025E /* Views */ = {
			isa = PBXGroup;
			children = (
				42E3B9A61D7C7A700029025E /* MainCollectionCell.swift */,
			);
			name = Views;
			sourceTree = "<group>";
		};
/* End PBXGroup section */

/* Begin PBXNativeTarget section */
		4245DA801D7B3C5B00922339 /* Zapper */ = {
			isa = PBXNativeTarget;
			buildConfigurationList = 4245DA9E1D7B3C5B00922339 /* Build configuration list for PBXNativeTarget "Zapper" */;
			buildPhases = (
				4245DA7D1D7B3C5B00922339 /* Sources */,
				4245DA7E1D7B3C5B00922339 /* Frameworks */,
				4245DA7F1D7B3C5B00922339 /* Resources */,
			);
			buildRules = (
			);
			dependencies = (
			);
			name = Zapper;
			productName = Zapper;
			productReference = 4245DA811D7B3C5B00922339 /* Zapper.app */;
			productType = "com.apple.product-type.application";
		};
		4245DA941D7B3C5B00922339 /* ZapperTests */ = {
			isa = PBXNativeTarget;
			buildConfigurationList = 4245DAA11D7B3C5B00922339 /* Build configuration list for PBXNativeTarget "ZapperTests" */;
			buildPhases = (
				4245DA911D7B3C5B00922339 /* Sources */,
				4245DA921D7B3C5B00922339 /* Frameworks */,
				4245DA931D7B3C5B00922339 /* Resources */,
			);
			buildRules = (
			);
			dependencies = (
				4245DA971D7B3C5B00922339 /* PBXTargetDependency */,
			);
			name = ZapperTests;
			productName = ZapperTests;
			productReference = 4245DA951D7B3C5B00922339 /* ZapperTests.xctest */;
			productType = "com.apple.product-type.bundle.unit-test";
		};
/* End PBXNativeTarget section */

/* Begin PBXProject section */
		4245DA791D7B3C5B00922339 /* Project object */ = {
			isa = PBXProject;
			attributes = {
				LastSwiftUpdateCheck = 0730;
				LastUpgradeCheck = 0730;
				ORGANIZATIONNAME = nravichan;
				TargetAttributes = {
					4245DA801D7B3C5B00922339 = {
						CreatedOnToolsVersion = 7.3.1;
						DevelopmentTeam = 7R8U9B2AP5;
					};
					4245DA941D7B3C5B00922339 = {
						CreatedOnToolsVersion = 7.3.1;
						TestTargetID = 4245DA801D7B3C5B00922339;
					};
				};
			};
			buildConfigurationList = 4245DA7C1D7B3C5B00922339 /* Build configuration list for PBXProject "Zapper" */;
			compatibilityVersion = "Xcode 3.2";
			developmentRegion = English;
			hasScannedForEncodings = 0;
			knownRegions = (
				en,
				Base,
			);
			mainGroup = 4245DA781D7B3C5B00922339;
			productRefGroup = 4245DA821D7B3C5B00922339 /* Products */;
			projectDirPath = "";
			projectRoot = "";
			targets = (
				4245DA801D7B3C5B00922339 /* Zapper */,
				4245DA941D7B3C5B00922339 /* ZapperTests */,
			);
		};
/* End PBXProject section */

/* Begin PBXResourcesBuildPhase section */
		4245DA7F1D7B3C5B00922339 /* Resources */ = {
			isa = PBXResourcesBuildPhase;
			buildActionMask = 2147483647;
			files = (
				42E3B9A91D7C7A700029025E /* MainCollectionCell.xib in Resources */,
				4245DA8F1D7B3C5B00922339 /* LaunchScreen.storyboard in Resources */,
				4245DA8C1D7B3C5B00922339 /* Assets.xcassets in Resources */,
			);
			runOnlyForDeploymentPostprocessing = 0;
		};
		4245DA931D7B3C5B00922339 /* Resources */ = {
			isa = PBXResourcesBuildPhase;
			buildActionMask = 2147483647;
			files = (
			);
			runOnlyForDeploymentPostprocessing = 0;
		};
/* End PBXResourcesBuildPhase section */

/* Begin PBXSourcesBuildPhase section */
		4245DA7D1D7B3C5B00922339 /* Sources */ = {
			isa = PBXSourcesBuildPhase;
			buildActionMask = 2147483647;
			files = (
				42E3B9A51D7BDC540029025E /* Utility.swift in Sources */,
				4245DAA81D7B519700922339 /* Model.swift in Sources */,
				4245DAAB1D7B6ECB00922339 /* ConnectionManager.swift in Sources */,
				4245DA871D7B3C5B00922339 /* MainViewController.swift in Sources */,
				42E3B9AC1D7CC6560029025E /* PhotoViewController.swift in Sources */,
				42E3B9B01D7E81750029025E /* Reachability.swift in Sources */,
				42E3B9AE1D7D01670029025E /* PresentingAnimator.swift in Sources */,
				42E3B9A81D7C7A700029025E /* MainCollectionCell.swift in Sources */,
				4245DA851D7B3C5B00922339 /* AppDelegate.swift in Sources */,
			);
			runOnlyForDeploymentPostprocessing = 0;
		};
		4245DA911D7B3C5B00922339 /* Sources */ = {
			isa = PBXSourcesBuildPhase;
			buildActionMask = 2147483647;
			files = (
				4245DA9A1D7B3C5B00922339 /* ZapperTests.swift in Sources */,
			);
			runOnlyForDeploymentPostprocessing = 0;
		};
/* End PBXSourcesBuildPhase section */

/* Begin PBXTargetDependency section */
		4245DA971D7B3C5B00922339 /* PBXTargetDependency */ = {
			isa = PBXTargetDependency;
			target = 4245DA801D7B3C5B00922339 /* Zapper */;
			targetProxy = 4245DA961D7B3C5B00922339 /* PBXContainerItemProxy */;
		};
/* End PBXTargetDependency section */

/* Begin PBXVariantGroup section */
		4245DA8D1D7B3C5B00922339 /* LaunchScreen.storyboard */ = {
			isa = PBXVariantGroup;
			children = (
				4245DA8E1D7B3C5B00922339 /* Base */,
			);
			name = LaunchScreen.storyboard;
			sourceTree = "<group>";
		};
/* End PBXVariantGroup section */

/* Begin XCBuildConfiguration section */
		4245DA9C1D7B3C5B00922339 /* Debug */ = {
			isa = XCBuildConfiguration;
			buildSettings = {
				ALWAYS_SEARCH_USER_PATHS = NO;
				CLANG_ANALYZER_NONNULL = YES;
				CLANG_CXX_LANGUAGE_STANDARD = "gnu++0x";
				CLANG_CXX_LIBRARY = "libc++";
				CLANG_ENABLE_MODULES = YES;
				CLANG_ENABLE_OBJC_ARC = YES;
				CLANG_WARN_BOOL_CONVERSION = YES;
				CLANG_WARN_CONSTANT_CONVERSION = YES;
				CLANG_WARN_DIRECT_OBJC_ISA_USAGE = YES_ERROR;
				CLANG_WARN_EMPTY_BODY = YES;
				CLANG_WARN_ENUM_CONVERSION = YES;
				CLANG_WARN_INT_CONVERSION = YES;
				CLANG_WARN_OBJC_ROOT_CLASS = YES_ERROR;
				CLANG_WARN_UNREACHABLE_CODE = YES;
				CLANG_WARN__DUPLICATE_METHOD_MATCH = YES;
				"CODE_SIGN_IDENTITY[sdk=iphoneos*]" = "iPhone Developer";
				COPY_PHASE_STRIP = NO;
				DEBUG_INFORMATION_FORMAT = dwarf;
				ENABLE_STRICT_OBJC_MSGSEND = YES;
				ENABLE_TESTABILITY = YES;
				GCC_C_LANGUAGE_STANDARD = gnu99;
				GCC_DYNAMIC_NO_PIC = NO;
				GCC_NO_COMMON_BLOCKS = YES;
				GCC_OPTIMIZATION_LEVEL = 0;
				GCC_PREPROCESSOR_DEFINITIONS = (
					"DEBUG=1",
					"$(inherited)",
				);
				GCC_WARN_64_TO_32_BIT_CONVERSION = YES;
				GCC_WARN_ABOUT_RETURN_TYPE = YES_ERROR;
				GCC_WARN_UNDECLARED_SELECTOR = YES;
				GCC_WARN_UNINITIALIZED_AUTOS = YES_AGGRESSIVE;
				GCC_WARN_UNUSED_FUNCTION = YES;
				GCC_WARN_UNUSED_VARIABLE = YES;
				IPHONEOS_DEPLOYMENT_TARGET = 9.3;
				MTL_ENABLE_DEBUG_INFO = YES;
				ONLY_ACTIVE_ARCH = YES;
				SDKROOT = iphoneos;
				SWIFT_OPTIMIZATION_LEVEL = "-Onone";
			};
			name = Debug;
		};
		4245DA9D1D7B3C5B00922339 /* Release */ = {
			isa = XCBuildConfiguration;
			buildSettings = {
				ALWAYS_SEARCH_USER_PATHS = NO;
				CLANG_ANALYZER_NONNULL = YES;
				CLANG_CXX_LANGUAGE_STANDARD = "gnu++0x";
				CLANG_CXX_LIBRARY = "libc++";
				CLANG_ENABLE_MODULES = YES;
				CLANG_ENABLE_OBJC_ARC = YES;
				CLANG_WARN_BOOL_CONVERSION = YES;
				CLANG_WARN_CONSTANT_CONVERSION = YES;
				CLANG_WARN_DIRECT_OBJC_ISA_USAGE = YES_ERROR;
				CLANG_WARN_EMPTY_BODY = YES;
				CLANG_WARN_ENUM_CONVERSION = YES;
				CLANG_WARN_INT_CONVERSION = YES;
				CLANG_WARN_OBJC_ROOT_CLASS = YES_ERROR;
				CLANG_WARN_UNREACHABLE_CODE = YES;
				CLANG_WARN__DUPLICATE_METHOD_MATCH = YES;
				"CODE_SIGN_IDENTITY[sdk=iphoneos*]" = "iPhone Developer";
				COPY_PHASE_STRIP = NO;
				DEBUG_INFORMATION_FORMAT = "dwarf-with-dsym";
				ENABLE_NS_ASSERTIONS = NO;
				ENABLE_STRICT_OBJC_MSGSEND = YES;
				GCC_C_LANGUAGE_STANDARD = gnu99;
				GCC_NO_COMMON_BLOCKS = YES;
				GCC_WARN_64_TO_32_BIT_CONVERSION = YES;
				GCC_WARN_ABOUT_RETURN_TYPE = YES_ERROR;
				GCC_WARN_UNDECLARED_SELECTOR = YES;
				GCC_WARN_UNINITIALIZED_AUTOS = YES_AGGRESSIVE;
				GCC_WARN_UNUSED_FUNCTION = YES;
				GCC_WARN_UNUSED_VARIABLE = YES;
				IPHONEOS_DEPLOYMENT_TARGET = 9.3;
				MTL_ENABLE_DEBUG_INFO = NO;
				SDKROOT = iphoneos;
				VALIDATE_PRODUCT = YES;
			};
			name = Release;
		};
		4245DA9F1D7B3C5B00922339 /* Debug */ = {
			isa = XCBuildConfiguration;
			buildSettings = {
				ASSETCATALOG_COMPILER_APPICON_NAME = AppIcon;
				CODE_SIGN_IDENTITY = "iPhone Developer";
				"CODE_SIGN_IDENTITY[sdk=iphoneos*]" = "iPhone Developer";
				INFOPLIST_FILE = Zapper/Info.plist;
				LD_RUNPATH_SEARCH_PATHS = "$(inherited) @executable_path/Frameworks";
				PRODUCT_BUNDLE_IDENTIFIER = com.Mebot.Zapper;
				PRODUCT_NAME = "$(TARGET_NAME)";
				PROVISIONING_PROFILE = "";
				TARGETED_DEVICE_FAMILY = "1,2";
			};
			name = Debug;
		};
		4245DAA01D7B3C5B00922339 /* Release */ = {
			isa = XCBuildConfiguration;
			buildSettings = {
				ASSETCATALOG_COMPILER_APPICON_NAME = AppIcon;
				CODE_SIGN_IDENTITY = "iPhone Developer";
				"CODE_SIGN_IDENTITY[sdk=iphoneos*]" = "iPhone Developer";
				INFOPLIST_FILE = Zapper/Info.plist;
				LD_RUNPATH_SEARCH_PATHS = "$(inherited) @executable_path/Frameworks";
				PRODUCT_BUNDLE_IDENTIFIER = com.Mebot.Zapper;
				PRODUCT_NAME = "$(TARGET_NAME)";
				PROVISIONING_PROFILE = "";
				TARGETED_DEVICE_FAMILY = "1,2";
			};
			name = Release;
		};
		4245DAA21D7B3C5B00922339 /* Debug */ = {
			isa = XCBuildConfiguration;
			buildSettings = {
				BUNDLE_LOADER = "$(TEST_HOST)";
				INFOPLIST_FILE = ZapperTests/Info.plist;
				LD_RUNPATH_SEARCH_PATHS = "$(inherited) @executable_path/Frameworks @loader_path/Frameworks";
				PRODUCT_BUNDLE_IDENTIFIER = com.Mebot.ZapperTests;
				PRODUCT_NAME = "$(TARGET_NAME)";
				TEST_HOST = "$(BUILT_PRODUCTS_DIR)/Zapper.app/Zapper";
			};
			name = Debug;
		};
		4245DAA31D7B3C5B00922339 /* Release */ = {
			isa = XCBuildConfiguration;
			buildSettings = {
				BUNDLE_LOADER = "$(TEST_HOST)";
				INFOPLIST_FILE = ZapperTests/Info.plist;
				LD_RUNPATH_SEARCH_PATHS = "$(inherited) @executable_path/Frameworks @loader_path/Frameworks";
				PRODUCT_BUNDLE_IDENTIFIER = com.Mebot.ZapperTests;
				PRODUCT_NAME = "$(TARGET_NAME)";
				TEST_HOST = "$(BUILT_PRODUCTS_DIR)/Zapper.app/Zapper";
			};
			name = Release;
		};
/* End XCBuildConfiguration section */

/* Begin XCConfigurationList section */
		4245DA7C1D7B3C5B00922339 /* Build configuration list for PBXProject "Zapper" */ = {
			isa = XCConfigurationList;
			buildConfigurations = (
				4245DA9C1D7B3C5B00922339 /* Debug */,
				4245DA9D1D7B3C5B00922339 /* Release */,
			);
			defaultConfigurationIsVisible = 0;
			defaultConfigurationName = Release;
		};
		4245DA9E1D7B3C5B00922339 /* Build configuration list for PBXNativeTarget "Zapper" */ = {
			isa = XCConfigurationList;
			buildConfigurations = (
				4245DA9F1D7B3C5B00922339 /* Debug */,
				4245DAA01D7B3C5B00922339 /* Release */,
			);
			defaultConfigurationIsVisible = 0;
			defaultConfigurationName = Release;
		};
		4245DAA11D7B3C5B00922339 /* Build configuration list for PBXNativeTarget "ZapperTests" */ = {
			isa = XCConfigurationList;
			buildConfigurations = (
				4245DAA21D7B3C5B00922339 /* Debug */,
				4245DAA31D7B3C5B00922339 /* Release */,
			);
			defaultConfigurationIsVisible = 0;
			defaultConfigurationName = Release;
		};
/* End XCConfigurationList section */
	};
	rootObject = 4245DA791D7B3C5B00922339 /* Project object */;
}
